
Microsoft Visual Studio Solution File, Format Version 12.00
# Visual Studio 15
VisualStudioVersion = 15.0.25928.0
MinimumVisualStudioVersion = 10.0.40219.1
Project("{FAE04EC0-301F-11D3-BF4B-00C04F79EFBC}") = "HereCrossApi.Abstractions", "HereCrossApi.Abstractions\HereCrossApi.Abstractions.csproj", "{67F9D3A8-F71E-4428-913F-C37AE82CDB24}"
EndProject
Project("{FAE04EC0-301F-11D3-BF4B-00C04F79EFBC}") = "HereCrossApi.Droid", "HereCrossApi.Droid\HereCrossApi.Droid.csproj", "{8F1CA5F9-438B-41DA-A72E-DFC0DE5AFB01}"
EndProject
Project("{FAE04EC0-301F-11D3-BF4B-00C04F79EFBC}") = "HereCrossApi.iOS", "HereCrossApi.iOS\HereCrossApi.iOS.csproj", "{6C4F2ED3-EC09-49E1-A61E-FFA7F7506C1A}"
EndProject
Global
	GlobalSection(SolutionConfigurationPlatforms) = preSolution
		Debug|Any CPU = Debug|Any CPU
		Debug|iPhone = Debug|iPhone
		Debug|iPhoneSimulator = Debug|iPhoneSimulator
		Release|Any CPU = Release|Any CPU
		Release|iPhone = Release|iPhone
		Release|iPhoneSimulator = Release|iPhoneSimulator
	EndGlobalSection
	GlobalSection(ProjectConfigurationPlatforms) = postSolution
		{67F9D3A8-F71E-4428-913F-C37AE82CDB24}.Debug|Any CPU.ActiveCfg = Debug|Any CPU
		{67F9D3A8-F71E-4428-913F-C37AE82CDB24}.Debug|Any CPU.Build.0 = Debug|Any CPU
		{67F9D3A8-F71E-4428-913F-C37AE82CDB24}.Debug|iPhone.ActiveCfg = Debug|Any CPU
		{67F9D3A8-F71E-4428-913F-C37AE82CDB24}.Debug|iPhone.Build.0 = Debug|Any CPU
		{67F9D3A8-F71E-4428-913F-C37AE82CDB24}.Debug|iPhoneSimulator.ActiveCfg = Debug|Any CPU
		{67F9D3A8-F71E-4428-913F-C37AE82CDB24}.Debug|iPhoneSimulator.Build.0 = Debug|Any CPU
		{67F9D3A8-F71E-4428-913F-C37AE82CDB24}.Release|Any CPU.ActiveCfg = Release|Any CPU
		{67F9D3A8-F71E-4428-913F-C37AE82CDB24}.Release|Any CPU.Build.0 = Release|Any CPU
		{67F9D3A8-F71E-4428-913F-C37AE82CDB24}.Release|iPhone.ActiveCfg = Release|Any CPU
		{67F9D3A8-F71E-4428-913F-C37AE82CDB24}.Release|iPhone.Build.0 = Release|Any CPU
		{67F9D3A8-F71E-4428-913F-C37AE82CDB24}.Release|iPhoneSimulator.ActiveCfg = Release|Any CPU
		{67F9D3A8-F71E-4428-913F-C37AE82CDB24}.Release|iPhoneSimulator.Build.0 = Release|Any CPU
		{8F1CA5F9-438B-41DA-A72E-DFC0DE5AFB01}.Debug|Any CPU.ActiveCfg = Debug|Any CPU
		{8F1CA5F9-438B-41DA-A72E-DFC0DE5AFB01}.Debug|Any CPU.Build.0 = Debug|Any CPU
		{8F1CA5F9-438B-41DA-A72E-DFC0DE5AFB01}.Debug|Any CPU.Deploy.0 = Debug|Any CPU
		{8F1CA5F9-438B-41DA-A72E-DFC0DE5AFB01}.Debug|iPhone.ActiveCfg = Debug|Any CPU
		{8F1CA5F9-438B-41DA-A72E-DFC0DE5AFB01}.Debug|iPhone.Build.0 = Debug|Any CPU
		{8F1CA5F9-438B-41DA-A72E-DFC0DE5AFB01}.Debug|iPhone.Deploy.0 = Debug|Any CPU
		{8F1CA5F9-438B-41DA-A72E-DFC0DE5AFB01}.Debug|iPhoneSimulator.ActiveCfg = Debug|Any CPU
		{8F1CA5F9-438B-41DA-A72E-DFC0DE5AFB01}.Debug|iPhoneSimulator.Build.0 = Debug|Any CPU
		{8F1CA5F9-438B-41DA-A72E-DFC0DE5AFB01}.Debug|iPhoneSimulator.Deploy.0 = Debug|Any CPU
		{8F1CA5F9-438B-41DA-A72E-DFC0DE5AFB01}.Release|Any CPU.ActiveCfg = Release|Any CPU
		{8F1CA5F9-438B-41DA-A72E-DFC0DE5AFB01}.Release|Any CPU.Build.0 = Release|Any CPU
		{8F1CA5F9-438B-41DA-A72E-DFC0DE5AFB01}.Release|Any CPU.Deploy.0 = Release|Any CPU
		{8F1CA5F9-438B-41DA-A72E-DFC0DE5AFB01}.Release|iPhone.ActiveCfg = Release|Any CPU
		{8F1CA5F9-438B-41DA-A72E-DFC0DE5AFB01}.Release|iPhone.Build.0 = Release|Any CPU
		{8F1CA5F9-438B-41DA-A72E-DFC0DE5AFB01}.Release|iPhone.Deploy.0 = Release|Any CPU
		{8F1CA5F9-438B-41DA-A72E-DFC0DE5AFB01}.Release|iPhoneSimulator.ActiveCfg = Release|Any CPU
		{8F1CA5F9-438B-41DA-A72E-DFC0DE5AFB01}.Release|iPhoneSimulator.Build.0 = Release|Any CPU
		{8F1CA5F9-438B-41DA-A72E-DFC0DE5AFB01}.Release|iPhoneSimulator.Deploy.0 = Release|Any CPU
		{6C4F2ED3-EC09-49E1-A61E-FFA7F7506C1A}.Debug|Any CPU.ActiveCfg = Debug|iPhone
		{6C4F2ED3-EC09-49E1-A61E-FFA7F7506C1A}.Debug|iPhone.ActiveCfg = Debug|iPhone
		{6C4F2ED3-EC09-49E1-A61E-FFA7F7506C1A}.Debug|iPhone.Build.0 = Debug|iPhone
		{6C4F2ED3-EC09-49E1-A61E-FFA7F7506C1A}.Debug|iPhoneSimulator.ActiveCfg = Debug|iPhoneSimulator
		{6C4F2ED3-EC09-49E1-A61E-FFA7F7506C1A}.Debug|iPhoneSimulator.Build.0 = Debug|iPhoneSimulator
		{6C4F2ED3-EC09-49E1-A61E-FFA7F7506C1A}.Release|Any CPU.ActiveCfg = Release|iPhone
		{6C4F2ED3-EC09-49E1-A61E-FFA7F7506C1A}.Release|iPhone.ActiveCfg = Release|iPhone
		{6C4F2ED3-EC09-49E1-A61E-FFA7F7506C1A}.Release|iPhone.Build.0 = Release|iPhone
		{6C4F2ED3-EC09-49E1-A61E-FFA7F7506C1A}.Release|iPhoneSimulator.ActiveCfg = Release|iPhoneSimulator
		{6C4F2ED3-EC09-49E1-A61E-FFA7F7506C1A}.Release|iPhoneSimulator.Build.0 = Release|iPhoneSimulator
	EndGlobalSection
	GlobalSection(SolutionProperties) = preSolution
		HideSolutionNode = FALSE
	EndGlobalSection
EndGlobal
